
Microsoft Visual Studio Solution File, Format Version 12.00
# Visual Studio Version 17
VisualStudioVersion = 17.8.34322.80
MinimumVisualStudioVersion = 10.0.40219.1
Project("{FAE04EC0-301F-11D3-BF4B-00C04F79EFBC}") = "PRNET-Server", "PRNET-Server.csproj", "{E1275A7B-BB90-4FB5-8F30-05675C38EC6C}"
EndProject
Global
	GlobalSection(SolutionConfigurationPlatforms) = preSolution
		Debug|Any CPU = Debug|Any CPU
		Release|Any CPU = Release|Any CPU
	EndGlobalSection
	GlobalSection(ProjectConfigurationPlatforms) = postSolution
		{E1275A7B-BB90-4FB5-8F30-05675C38EC6C}.Debug|Any CPU.ActiveCfg = Debug|Any CPU
		{E1275A7B-BB90-4FB5-8F30-05675C38EC6C}.Debug|Any CPU.Build.0 = Debug|Any CPU
		{E1275A7B-BB90-4FB5-8F30-05675C38EC6C}.Release|Any CPU.ActiveCfg = Release|Any CPU
		{E1275A7B-BB90-4FB5-8F30-05675C38EC6C}.Release|Any CPU.Build.0 = Release|Any CPU
	EndGlobalSection
	GlobalSection(SolutionProperties) = preSolution
		HideSolutionNode = FALSE
	EndGlobalSection
	GlobalSection(ExtensibilityGlobals) = postSolution
		SolutionGuid = {EE12A513-0233-4F1F-ACBD-D1A47617E057}
	EndGlobalSection
EndGlobal
